{
  "name": "azure-storage-blob-nodejs-v10-quickstart",
  "version": "1.0.0",
  "lockfileVersion": 1,
  "requires": true,
  "dependencies": {
    "@azure/abort-controller": {
      "version": "1.0.0-preview.1",
      "resolved": "https://registry.npmjs.org/@azure/abort-controller/-/abort-controller-1.0.0-preview.1.tgz",
      "integrity": "sha512-NnJqi6oHqt06Q2hz4nO1HO0QlyusBa3E/wezvn9flHEtl0IHYSmzGbtlb+MaAJ5GzxwqSevQ4q1+4B8fvVijOA==",
      "requires": {
        "tslib": "^1.9.3"
      }
    },
    "@azure/core-asynciterator-polyfill": {
      "version": "1.0.0-preview.1",
      "resolved": "https://registry.npmjs.org/@azure/core-asynciterator-polyfill/-/core-asynciterator-polyfill-1.0.0-preview.1.tgz",
      "integrity": "sha512-hMp0y+j/odkAyTa5TYewn4hUlFdEe3sR9uTd2Oq+se61RtuDsqM7UWrNNlyylPyjIENSZHJVWN7jte/jvvMN2Q=="
    },
    "@azure/core-auth": {
      "version": "1.0.0-preview.2",
      "resolved": "https://registry.npmjs.org/@azure/core-auth/-/core-auth-1.0.0-preview.2.tgz",
      "integrity": "sha512-QATxlKPP2Yld8+eg8Hz8mXmowlG/z9B53HTkjBz0oJIzR+dBm9HJY2bPnT7RB8nyqdnm8JpU2mIp8YVZZO6ubg==",
      "requires": {
        "@azure/abort-controller": "1.0.0-preview.1",
        "tslib": "^1.9.3"
      }
    },
    "@azure/core-http": {
      "version": "1.0.0-preview.2",
      "resolved": "https://registry.npmjs.org/@azure/core-http/-/core-http-1.0.0-preview.2.tgz",
      "integrity": "sha512-7zvbuMxwFjqvZ8knyEky+tWJYq6nK/pDIOI44nuCsdzdeCA8G9Ul3tXuQ+1lI4NOUfd2Scj8Ckgb4Xh9+ckOuw==",
      "requires": {
        "@azure/core-auth": "1.0.0-preview.2",
        "@types/tunnel": "^0.0.1",
        "axios": "^0.19.0",
        "form-data": "^2.5.0",
        "process": "^0.11.10",
        "tough-cookie": "^3.0.1",
        "tslib": "^1.9.3",
        "tunnel": "^0.0.6",
        "uuid": "^3.3.2",
        "xml2js": "^0.4.19"
      }
    },
    "@azure/core-paging": {
      "version": "1.0.0-preview.1",
      "resolved": "https://registry.npmjs.org/@azure/core-paging/-/core-paging-1.0.0-preview.1.tgz",
      "integrity": "sha512-mZHkadyAbhV1+brHEsWICnURW6E72D2HReM+8MWDn5oVJdlxD51w14PeqsOZC4UDYv4x2Eww5+PFRTEOrNB1Uw==",
      "requires": {
        "@azure/core-asynciterator-polyfill": "^1.0.0-preview.1"
      }
    },
    "@azure/storage-blob": {
      "version": "12.0.0-preview.2",
      "resolved": "https://registry.npmjs.org/@azure/storage-blob/-/storage-blob-12.0.0-preview.2.tgz",
      "integrity": "sha512-YOZ3l065gmnaLdcpkyY+C02x2yi9XFo5ARZQGtoDMUz7VD+QzIbDwWsYlWOArVEm5Dxhl3v1zKJ1V6bi06iHEQ==",
      "requires": {
        "@azure/abort-controller": "1.0.0-preview.1",
        "@azure/core-http": "1.0.0-preview.2",
        "@azure/core-paging": "1.0.0-preview.1",
        "events": "^3.0.0",
        "tslib": "^1.9.3"
      }
    },
    "@types/dotenv": {
      "version": "4.0.3",
      "resolved": "https://registry.npmjs.org/@types/dotenv/-/dotenv-4.0.3.tgz",
      "integrity": "sha512-mmhpINC/HcLGQK5ikFJlLXINVvcxhlrV+ZOUJSN7/ottYl+8X4oSXzS9lBtDkmWAl96EGyGyLrNvk9zqdSH8Fw==",
      "requires": {
        "@types/node": "*"
      }
    },
    "@types/node": {
      "version": "9.6.31",
      "resolved": "https://registry.npmjs.org/@types/node/-/node-9.6.31.tgz",
      "integrity": "sha512-kIVlvUBizL51ALNMPbmcZoM7quHyB7J6fLRwQe22JsMp39nrVSHdBeVVS3fnQCK1orxI3O8LScmb8cuiihkAfA=="
    },
    "@types/tunnel": {
      "version": "0.0.1",
      "resolved": "https://registry.npmjs.org/@types/tunnel/-/tunnel-0.0.1.tgz",
      "integrity": "sha512-AOqu6bQu5MSWwYvehMXLukFHnupHrpZ8nvgae5Ggie9UwzDR1CCwoXgSSWNZJuyOlCdfdsWMA5F2LlmvyoTv8A==",
      "requires": {
        "@types/node": "*"
      }
    },
    "asynckit": {
      "version": "0.4.0",
      "resolved": "https://registry.npmjs.org/asynckit/-/asynckit-0.4.0.tgz",
      "integrity": "sha1-x57Zf380y48robyXkLzDZkdLS3k="
    },
    "axios": {
      "version": "0.19.0",
      "resolved": "https://registry.npmjs.org/axios/-/axios-0.19.0.tgz",
      "integrity": "sha512-1uvKqKQta3KBxIz14F2v06AEHZ/dIoeKfbTRkK1E5oqjDnuEerLmYTgJB5AiQZHJcljpg1TuRzdjDR06qNk0DQ==",
      "requires": {
        "follow-redirects": "1.5.10",
        "is-buffer": "^2.0.2"
      }
    },
    "combined-stream": {
      "version": "1.0.8",
      "resolved": "https://registry.npmjs.org/combined-stream/-/combined-stream-1.0.8.tgz",
      "integrity": "sha512-FQN4MRfuJeHf7cBbBMJFXhKSDq+2kAArBlmRBvcvFE5BB1HZKXtSFASDhdlz9zOYwxh8lDdnvmMOe/+5cdoEdg==",
      "requires": {
        "delayed-stream": "~1.0.0"
      }
    },
    "debug": {
      "version": "3.1.0",
      "resolved": "https://registry.npmjs.org/debug/-/debug-3.1.0.tgz",
      "integrity": "sha512-OX8XqP7/1a9cqkxYw2yXss15f26NKWBpDXQd0/uK/KPqdQhxbPa994hnzjcE2VqQpDslf55723cKPUOGSmMY3g==",
      "requires": {
        "ms": "2.0.0"
      }
    },
    "delayed-stream": {
      "version": "1.0.0",
      "resolved": "https://registry.npmjs.org/delayed-stream/-/delayed-stream-1.0.0.tgz",
      "integrity": "sha1-3zrhmayt+31ECqrgsp4icrJOxhk="
    },
    "dotenv": {
      "version": "6.0.0",
      "resolved": "https://registry.npmjs.org/dotenv/-/dotenv-6.0.0.tgz",
      "integrity": "sha512-FlWbnhgjtwD+uNLUGHbMykMOYQaTivdHEmYwAKFjn6GKe/CqY0fNae93ZHTd20snh9ZLr8mTzIL9m0APQ1pjQg=="
    },
    "events": {
      "version": "3.0.0",
      "resolved": "https://registry.npmjs.org/events/-/events-3.0.0.tgz",
      "integrity": "sha512-Dc381HFWJzEOhQ+d8pkNon++bk9h6cdAoAj4iE6Q4y6xgTzySWXlKn05/TVNpjnfRqi/X0EpJEJohPjNI3zpVA=="
    },
    "follow-redirects": {
      "version": "1.5.10",
      "resolved": "https://registry.npmjs.org/follow-redirects/-/follow-redirects-1.5.10.tgz",
      "integrity": "sha512-0V5l4Cizzvqt5D44aTXbFZz+FtyXV1vrDN6qrelxtfYQKW0KO0W2T/hkE8xvGa/540LkZlkaUjO4ailYTFtHVQ==",
      "requires": {
        "debug": "=3.1.0"
      }
    },
    "form-data": {
      "version": "2.5.0",
      "resolved": "https://registry.npmjs.org/form-data/-/form-data-2.5.0.tgz",
      "integrity": "sha512-WXieX3G/8side6VIqx44ablyULoGruSde5PNTxoUyo5CeyAMX6nVWUd0rgist/EuX655cjhUhTo1Fo3tRYqbcA==",
      "requires": {
        "asynckit": "^0.4.0",
        "combined-stream": "^1.0.6",
        "mime-types": "^2.1.12"
      }
    },
    "ip-regex": {
      "version": "2.1.0",
      "resolved": "https://registry.npmjs.org/ip-regex/-/ip-regex-2.1.0.tgz",
      "integrity": "sha1-+ni/XS5pE8kRzp+BnuUUa7bYROk="
    },
    "is-buffer": {
      "version": "2.0.3",
      "resolved": "https://registry.npmjs.org/is-buffer/-/is-buffer-2.0.3.tgz",
      "integrity": "sha512-U15Q7MXTuZlrbymiz95PJpZxu8IlipAp4dtS3wOdgPXx3mqBnslrWU14kxfHB+Py/+2PVKSr37dMAgM2A4uArw=="
    },
    "mime-db": {
      "version": "1.40.0",
      "resolved": "https://registry.npmjs.org/mime-db/-/mime-db-1.40.0.tgz",
      "integrity": "sha512-jYdeOMPy9vnxEqFRRo6ZvTZ8d9oPb+k18PKoYNYUe2stVEBPPwsln/qWzdbmaIvnhZ9v2P+CuecK+fpUfsV2mA=="
    },
    "mime-types": {
      "version": "2.1.24",
      "resolved": "https://registry.npmjs.org/mime-types/-/mime-types-2.1.24.tgz",
      "integrity": "sha512-WaFHS3MCl5fapm3oLxU4eYDw77IQM2ACcxQ9RIxfaC3ooc6PFuBMGZZsYpvoXS5D5QTWPieo1jjLdAm3TBP3cQ==",
      "requires": {
        "mime-db": "1.40.0"
      }
    },
    "ms": {
      "version": "2.0.0",
      "resolved": "https://registry.npmjs.org/ms/-/ms-2.0.0.tgz",
      "integrity": "sha1-VgiurfwAvmwpAd9fmGF4jeDVl8g="
    },
    "process": {
      "version": "0.11.10",
      "resolved": "https://registry.npmjs.org/process/-/process-0.11.10.tgz",
      "integrity": "sha1-czIwDoQBYb2j5podHZGn1LwW8YI="
    },
    "psl": {
      "version": "1.3.0",
      "resolved": "https://registry.npmjs.org/psl/-/psl-1.3.0.tgz",
      "integrity": "sha512-avHdspHO+9rQTLbv1RO+MPYeP/SzsCoxofjVnHanETfQhTJrmB0HlDoW+EiN/R+C0BZ+gERab9NY0lPN2TxNag=="
    },
    "punycode": {
      "version": "2.1.1",
      "resolved": "https://registry.npmjs.org/punycode/-/punycode-2.1.1.tgz",
      "integrity": "sha512-XRsRjdf+j5ml+y/6GKHPZbrF/8p2Yga0JPtdqTIY2Xe5ohJPD9saDJJLPvp9+NSBprVvevdXZybnj2cv8OEd0A=="
    },
    "sax": {
      "version": "1.2.4",
      "resolved": "https://registry.npmjs.org/sax/-/sax-1.2.4.tgz",
      "integrity": "sha512-NqVDv9TpANUjFm0N8uM5GxL36UgKi9/atZw+x7YFnQ8ckwFGKrl4xX4yWtrey3UJm5nP1kUbnYgLopqWNSRhWw=="
    },
    "tough-cookie": {
      "version": "3.0.1",
      "resolved": "https://registry.npmjs.org/tough-cookie/-/tough-cookie-3.0.1.tgz",
      "integrity": "sha512-yQyJ0u4pZsv9D4clxO69OEjLWYw+jbgspjTue4lTQZLfV0c5l1VmK2y1JK8E9ahdpltPOaAThPcp5nKPUgSnsg==",
      "requires": {
        "ip-regex": "^2.1.0",
        "psl": "^1.1.28",
        "punycode": "^2.1.1"
      }
    },
    "tslib": {
      "version": "1.10.0",
      "resolved": "https://registry.npmjs.org/tslib/-/tslib-1.10.0.tgz",
      "integrity": "sha512-qOebF53frne81cf0S9B41ByenJ3/IuH8yJKngAX35CmiZySA0khhkovshKK+jGCaMnVomla7gVlIcc3EvKPbTQ=="
    },
    "tunnel": {
      "version": "0.0.6",
      "resolved": "https://registry.npmjs.org/tunnel/-/tunnel-0.0.6.tgz",
      "integrity": "sha512-1h/Lnq9yajKY2PEbBadPXj3VxsDDu844OnaAo52UVmIzIvwwtBPIuNvkjuzBlTWpfJyUbG3ez0KSBibQkj4ojg=="
    },
    "uuid": {
      "version": "3.3.2",
      "resolved": "https://registry.npmjs.org/uuid/-/uuid-3.3.2.tgz",
      "integrity": "sha512-yXJmeNaw3DnnKAOKJE51sL/ZaYfWJRl1pK9dr19YFCu0ObS231AB1/LbqTKRAQ5kw8A90rA6fr4riOUpTZvQZA=="
    },
    "xml2js": {
      "version": "0.4.19",
      "resolved": "https://registry.npmjs.org/xml2js/-/xml2js-0.4.19.tgz",
      "integrity": "sha512-esZnJZJOiJR9wWKMyuvSE1y6Dq5LCuJanqhxslH2bxM6duahNZ+HMpCLhBQGZkbX6xRf8x1Y2eJlgt2q3qo49Q==",
      "requires": {
        "sax": ">=0.6.0",
        "xmlbuilder": "~9.0.1"
      }
    },
    "xmlbuilder": {
      "version": "9.0.7",
      "resolved": "https://registry.npmjs.org/xmlbuilder/-/xmlbuilder-9.0.7.tgz",
      "integrity": "sha1-Ey7mPS7FVlxVfiD0wi35rKaGsQ0="
    }
  }
}
